
Microsoft Visual Studio Solution File, Format Version 12.00
# Visual Studio Version 17
VisualStudioVersion = 17.0.31912.275
MinimumVisualStudioVersion = 10.0.40219.1
Project("{9A19103F-16F7-4668-BE54-9A1E7A4F7556}") = "iRLeagueApiCore.Server", "src\iRLeagueApiCore.Server\iRLeagueApiCore.Server.csproj", "{0DC9F780-3F23-4D33-9E9C-FDF9CA9C7758}"
EndProject
Project("{9A19103F-16F7-4668-BE54-9A1E7A4F7556}") = "iRLeagueApiCore.UnitTests", "test\iRLeagueApiCore.UnitTests\iRLeagueApiCore.UnitTests.csproj", "{C4F13C57-8911-4DCD-B862-F16F0D0BEC75}"
EndProject
Project("{2150E333-8FDC-42A3-9474-1A3956D46DE8}") = "Solution Items", "Solution Items", "{7F90E099-56DE-4FEF-8CA2-4F4610CDEF19}"
	ProjectSection(SolutionItems) = preProject
		.github\workflows\dotnet_develop.yml = .github\workflows\dotnet_develop.yml
		.github\workflows\dotnet_main_pr.yml = .github\workflows\dotnet_main_pr.yml
		.github\workflows\dotnet_main_push.yml = .github\workflows\dotnet_main_push.yml
		.github\workflows\dotnet_tag_release.yml = .github\workflows\dotnet_tag_release.yml
	EndProjectSection
EndProject
Project("{9A19103F-16F7-4668-BE54-9A1E7A4F7556}") = "iRLeagueApiCore.Client", "src\iRLeagueApiCore.Client\iRLeagueApiCore.Client.csproj", "{F1C2BF9C-E4C7-46F9-928B-BDBE79267DE2}"
EndProject
Project("{9A19103F-16F7-4668-BE54-9A1E7A4F7556}") = "iRLeagueApiCore.TrackImport", "src\iRLeagueApiCore.TrackImport\iRLeagueApiCore.TrackImport.csproj", "{A05E3DAE-E082-4C06-962F-06B15A92C69D}"
EndProject
Project("{9A19103F-16F7-4668-BE54-9A1E7A4F7556}") = "iRLeagueApiCore.Services", "src\iRLeagueApiCore.Services\iRLeagueApiCore.Services.csproj", "{984B55E5-8567-4081-AD58-2E3E5CF58ED3}"
EndProject
Project("{9A19103F-16F7-4668-BE54-9A1E7A4F7556}") = "iRLeagueApiCore.Services.Tests", "test\iRLeagueApiCore.Services.Tests\iRLeagueApiCore.Services.Tests.csproj", "{DB449DBD-703D-45F0-B935-6876F81516D6}"
EndProject
Project("{9A19103F-16F7-4668-BE54-9A1E7A4F7556}") = "iRLeagueApiCore.Mocking", "test\iRLeagueApiCore.Mocking\iRLeagueApiCore.Mocking\iRLeagueApiCore.Mocking.csproj", "{84F0108C-30A3-4CF1-9F03-EC4DDC979E7B}"
EndProject
Project("{9A19103F-16F7-4668-BE54-9A1E7A4F7556}") = "iRLeagueApiCore.Common", "src\iRLeagueApiCore.Common\iRLeagueApiCore.Common.csproj", "{E9639AF9-8C03-4B30-AA3B-B85873D0C406}"
EndProject
Project("{9A19103F-16F7-4668-BE54-9A1E7A4F7556}") = "iRLeagueDatabaseCore", "src\iRLeagueDatabaseCore\iRLeagueDatabaseCore.csproj", "{374D9358-C654-4882-AE9F-89DDB135A69D}"
EndProject
Project("{9A19103F-16F7-4668-BE54-9A1E7A4F7556}") = "iRLeagueDatabaseCore.Migrations", "src\iRLeagueDatabaseCore.Migrations\iRLeagueDatabaseCore.Migrations.csproj", "{C335B0B3-B0AE-45EF-B620-87E9EBE257D3}"
EndProject
Project("{9A19103F-16F7-4668-BE54-9A1E7A4F7556}") = "DbIntegrationTests", "test\DbIntegrationTests\DbIntegrationTests.csproj", "{CBE19DF1-F112-4BCB-9DC4-BE33D971CCCC}"
EndProject
Project("{9A19103F-16F7-4668-BE54-9A1E7A4F7556}") = "UnitTests", "test\UnitTests\UnitTests.csproj", "{FB4E0FC3-97A9-4456-93DB-F8335175FA47}"
EndProject
Global
	GlobalSection(SolutionConfigurationPlatforms) = preSolution
		Debug|Any CPU = Debug|Any CPU
		Release|Any CPU = Release|Any CPU
	EndGlobalSection
	GlobalSection(ProjectConfigurationPlatforms) = postSolution
		{0DC9F780-3F23-4D33-9E9C-FDF9CA9C7758}.Debug|Any CPU.ActiveCfg = Debug|Any CPU
		{0DC9F780-3F23-4D33-9E9C-FDF9CA9C7758}.Debug|Any CPU.Build.0 = Debug|Any CPU
		{0DC9F780-3F23-4D33-9E9C-FDF9CA9C7758}.Release|Any CPU.ActiveCfg = Release|Any CPU
		{0DC9F780-3F23-4D33-9E9C-FDF9CA9C7758}.Release|Any CPU.Build.0 = Release|Any CPU
		{C4F13C57-8911-4DCD-B862-F16F0D0BEC75}.Debug|Any CPU.ActiveCfg = Debug|Any CPU
		{C4F13C57-8911-4DCD-B862-F16F0D0BEC75}.Debug|Any CPU.Build.0 = Debug|Any CPU
		{C4F13C57-8911-4DCD-B862-F16F0D0BEC75}.Release|Any CPU.ActiveCfg = Release|Any CPU
		{C4F13C57-8911-4DCD-B862-F16F0D0BEC75}.Release|Any CPU.Build.0 = Release|Any CPU
		{F1C2BF9C-E4C7-46F9-928B-BDBE79267DE2}.Debug|Any CPU.ActiveCfg = Debug|Any CPU
		{F1C2BF9C-E4C7-46F9-928B-BDBE79267DE2}.Debug|Any CPU.Build.0 = Debug|Any CPU
		{F1C2BF9C-E4C7-46F9-928B-BDBE79267DE2}.Release|Any CPU.ActiveCfg = Release|Any CPU
		{F1C2BF9C-E4C7-46F9-928B-BDBE79267DE2}.Release|Any CPU.Build.0 = Release|Any CPU
		{A05E3DAE-E082-4C06-962F-06B15A92C69D}.Debug|Any CPU.ActiveCfg = Debug|Any CPU
		{A05E3DAE-E082-4C06-962F-06B15A92C69D}.Debug|Any CPU.Build.0 = Debug|Any CPU
		{A05E3DAE-E082-4C06-962F-06B15A92C69D}.Release|Any CPU.ActiveCfg = Release|Any CPU
		{A05E3DAE-E082-4C06-962F-06B15A92C69D}.Release|Any CPU.Build.0 = Release|Any CPU
		{984B55E5-8567-4081-AD58-2E3E5CF58ED3}.Debug|Any CPU.ActiveCfg = Debug|Any CPU
		{984B55E5-8567-4081-AD58-2E3E5CF58ED3}.Debug|Any CPU.Build.0 = Debug|Any CPU
		{984B55E5-8567-4081-AD58-2E3E5CF58ED3}.Release|Any CPU.ActiveCfg = Release|Any CPU
		{984B55E5-8567-4081-AD58-2E3E5CF58ED3}.Release|Any CPU.Build.0 = Release|Any CPU
		{DB449DBD-703D-45F0-B935-6876F81516D6}.Debug|Any CPU.ActiveCfg = Debug|Any CPU
		{DB449DBD-703D-45F0-B935-6876F81516D6}.Debug|Any CPU.Build.0 = Debug|Any CPU
		{DB449DBD-703D-45F0-B935-6876F81516D6}.Release|Any CPU.ActiveCfg = Release|Any CPU
		{DB449DBD-703D-45F0-B935-6876F81516D6}.Release|Any CPU.Build.0 = Release|Any CPU
		{84F0108C-30A3-4CF1-9F03-EC4DDC979E7B}.Debug|Any CPU.ActiveCfg = Debug|Any CPU
		{84F0108C-30A3-4CF1-9F03-EC4DDC979E7B}.Debug|Any CPU.Build.0 = Debug|Any CPU
		{84F0108C-30A3-4CF1-9F03-EC4DDC979E7B}.Release|Any CPU.ActiveCfg = Release|Any CPU
		{84F0108C-30A3-4CF1-9F03-EC4DDC979E7B}.Release|Any CPU.Build.0 = Release|Any CPU
		{E9639AF9-8C03-4B30-AA3B-B85873D0C406}.Debug|Any CPU.ActiveCfg = Debug|Any CPU
		{E9639AF9-8C03-4B30-AA3B-B85873D0C406}.Debug|Any CPU.Build.0 = Debug|Any CPU
		{E9639AF9-8C03-4B30-AA3B-B85873D0C406}.Release|Any CPU.ActiveCfg = Release|Any CPU
		{E9639AF9-8C03-4B30-AA3B-B85873D0C406}.Release|Any CPU.Build.0 = Release|Any CPU
		{374D9358-C654-4882-AE9F-89DDB135A69D}.Debug|Any CPU.ActiveCfg = Debug|Any CPU
		{374D9358-C654-4882-AE9F-89DDB135A69D}.Debug|Any CPU.Build.0 = Debug|Any CPU
		{374D9358-C654-4882-AE9F-89DDB135A69D}.Release|Any CPU.ActiveCfg = Release|Any CPU
		{374D9358-C654-4882-AE9F-89DDB135A69D}.Release|Any CPU.Build.0 = Release|Any CPU
		{C335B0B3-B0AE-45EF-B620-87E9EBE257D3}.Debug|Any CPU.ActiveCfg = Debug|Any CPU
		{C335B0B3-B0AE-45EF-B620-87E9EBE257D3}.Debug|Any CPU.Build.0 = Debug|Any CPU
		{C335B0B3-B0AE-45EF-B620-87E9EBE257D3}.Release|Any CPU.ActiveCfg = Release|Any CPU
		{C335B0B3-B0AE-45EF-B620-87E9EBE257D3}.Release|Any CPU.Build.0 = Release|Any CPU
		{CBE19DF1-F112-4BCB-9DC4-BE33D971CCCC}.Debug|Any CPU.ActiveCfg = Debug|Any CPU
		{CBE19DF1-F112-4BCB-9DC4-BE33D971CCCC}.Debug|Any CPU.Build.0 = Debug|Any CPU
		{CBE19DF1-F112-4BCB-9DC4-BE33D971CCCC}.Release|Any CPU.ActiveCfg = Release|Any CPU
		{CBE19DF1-F112-4BCB-9DC4-BE33D971CCCC}.Release|Any CPU.Build.0 = Release|Any CPU
		{FB4E0FC3-97A9-4456-93DB-F8335175FA47}.Debug|Any CPU.ActiveCfg = Debug|Any CPU
		{FB4E0FC3-97A9-4456-93DB-F8335175FA47}.Debug|Any CPU.Build.0 = Debug|Any CPU
		{FB4E0FC3-97A9-4456-93DB-F8335175FA47}.Release|Any CPU.ActiveCfg = Release|Any CPU
		{FB4E0FC3-97A9-4456-93DB-F8335175FA47}.Release|Any CPU.Build.0 = Release|Any CPU
	EndGlobalSection
	GlobalSection(SolutionProperties) = preSolution
		HideSolutionNode = FALSE
	EndGlobalSection
	GlobalSection(ExtensibilityGlobals) = postSolution
		SolutionGuid = {C36B0ADB-83A0-4E84-87B3-828E6EF1266A}
	EndGlobalSection
EndGlobal
